
Microsoft Visual Studio Solution File, Format Version 12.00
# Visual Studio Version 17
VisualStudioVersion = 17.14.36804.6
MinimumVisualStudioVersion = 10.0.40219.1
Project("{FAE04EC0-301F-11D3-BF4B-00C04F79EFBC}") = "eMeetup.App", "eMeetup.App.csproj", "{CE866B4E-E6BF-4F7B-B558-64E439726839}"
EndProject
Project("{FAE04EC0-301F-11D3-BF4B-00C04F79EFBC}") = "eMeetup.App.Shared", "..\eMeetup.App.Shared\eMeetup.App.Shared.csproj", "{CEF56863-5560-4B7F-95FF-2A552F162466}"
EndProject
Global
	GlobalSection(SolutionConfigurationPlatforms) = preSolution
		Debug|Any CPU = Debug|Any CPU
		Release|Any CPU = Release|Any CPU
	EndGlobalSection
	GlobalSection(ProjectConfigurationPlatforms) = postSolution
		{CE866B4E-E6BF-4F7B-B558-64E439726839}.Debug|Any CPU.ActiveCfg = Debug|Any CPU
		{CE866B4E-E6BF-4F7B-B558-64E439726839}.Debug|Any CPU.Build.0 = Debug|Any CPU
		{CE866B4E-E6BF-4F7B-B558-64E439726839}.Debug|Any CPU.Deploy.0 = Debug|Any CPU
		{CE866B4E-E6BF-4F7B-B558-64E439726839}.Release|Any CPU.ActiveCfg = Release|Any CPU
		{CE866B4E-E6BF-4F7B-B558-64E439726839}.Release|Any CPU.Build.0 = Release|Any CPU
		{CEF56863-5560-4B7F-95FF-2A552F162466}.Debug|Any CPU.ActiveCfg = Debug|Any CPU
		{CEF56863-5560-4B7F-95FF-2A552F162466}.Debug|Any CPU.Build.0 = Debug|Any CPU
		{CEF56863-5560-4B7F-95FF-2A552F162466}.Release|Any CPU.ActiveCfg = Release|Any CPU
		{CEF56863-5560-4B7F-95FF-2A552F162466}.Release|Any CPU.Build.0 = Release|Any CPU
	EndGlobalSection
	GlobalSection(SolutionProperties) = preSolution
		HideSolutionNode = FALSE
	EndGlobalSection
	GlobalSection(ExtensibilityGlobals) = postSolution
		SolutionGuid = {0F34A82E-C05F-41CB-8ED9-82006B645AA9}
	EndGlobalSection
EndGlobal
